
Microsoft Visual Studio Solution File, Format Version 12.00
# Visual Studio Version 17
VisualStudioVersion = 17.4.33213.308
MinimumVisualStudioVersion = 10.0.40219.1
Project("{9A19103F-16F7-4668-BE54-9A1E7A4F7556}") = "MusicsBookWeb", "MusicsBookWeb\MusicsBookWeb.csproj", "{55EE32F3-E119-41C8-976B-7CAB8478D111}"
EndProject
Project("{FAE04EC0-301F-11D3-BF4B-00C04F79EFBC}") = "MusicsBook.DataAccess", "CristianBook.DataAccess\MusicsBook.DataAccess.csproj", "{B81A4AF3-1393-4339-9E7F-133CFB2A3759}"
EndProject
Project("{FAE04EC0-301F-11D3-BF4B-00C04F79EFBC}") = "MusicsBook.Models", "CristianBook.Models\MusicsBook.Models.csproj", "{1110D626-43A9-4595-8FFC-9D577C9E27B2}"
EndProject
Project("{FAE04EC0-301F-11D3-BF4B-00C04F79EFBC}") = "MusicsBook.Utility", "CristianBook.Utility\MusicsBook.Utility.csproj", "{ECCAE13C-DE44-4E3D-B00C-CDCF75400CBC}"
EndProject
Global
	GlobalSection(SolutionConfigurationPlatforms) = preSolution
		Debug|Any CPU = Debug|Any CPU
		Release|Any CPU = Release|Any CPU
	EndGlobalSection
	GlobalSection(ProjectConfigurationPlatforms) = postSolution
		{55EE32F3-E119-41C8-976B-7CAB8478D111}.Debug|Any CPU.ActiveCfg = Debug|Any CPU
		{55EE32F3-E119-41C8-976B-7CAB8478D111}.Debug|Any CPU.Build.0 = Debug|Any CPU
		{55EE32F3-E119-41C8-976B-7CAB8478D111}.Release|Any CPU.ActiveCfg = Release|Any CPU
		{55EE32F3-E119-41C8-976B-7CAB8478D111}.Release|Any CPU.Build.0 = Release|Any CPU
		{B81A4AF3-1393-4339-9E7F-133CFB2A3759}.Debug|Any CPU.ActiveCfg = Debug|Any CPU
		{B81A4AF3-1393-4339-9E7F-133CFB2A3759}.Debug|Any CPU.Build.0 = Debug|Any CPU
		{B81A4AF3-1393-4339-9E7F-133CFB2A3759}.Release|Any CPU.ActiveCfg = Release|Any CPU
		{B81A4AF3-1393-4339-9E7F-133CFB2A3759}.Release|Any CPU.Build.0 = Release|Any CPU
		{1110D626-43A9-4595-8FFC-9D577C9E27B2}.Debug|Any CPU.ActiveCfg = Debug|Any CPU
		{1110D626-43A9-4595-8FFC-9D577C9E27B2}.Debug|Any CPU.Build.0 = Debug|Any CPU
		{1110D626-43A9-4595-8FFC-9D577C9E27B2}.Release|Any CPU.ActiveCfg = Release|Any CPU
		{1110D626-43A9-4595-8FFC-9D577C9E27B2}.Release|Any CPU.Build.0 = Release|Any CPU
		{ECCAE13C-DE44-4E3D-B00C-CDCF75400CBC}.Debug|Any CPU.ActiveCfg = Debug|Any CPU
		{ECCAE13C-DE44-4E3D-B00C-CDCF75400CBC}.Debug|Any CPU.Build.0 = Debug|Any CPU
		{ECCAE13C-DE44-4E3D-B00C-CDCF75400CBC}.Release|Any CPU.ActiveCfg = Release|Any CPU
		{ECCAE13C-DE44-4E3D-B00C-CDCF75400CBC}.Release|Any CPU.Build.0 = Release|Any CPU
	EndGlobalSection
	GlobalSection(SolutionProperties) = preSolution
		HideSolutionNode = FALSE
	EndGlobalSection
	GlobalSection(ExtensibilityGlobals) = postSolution
		SolutionGuid = {A47F04D0-F73C-4CCB-BBE2-D2B45FEF97A8}
	EndGlobalSection
EndGlobal
